
Microsoft Visual Studio Solution File, Format Version 12.00
# Visual Studio 15
VisualStudioVersion = 15.0.27004.2006
MinimumVisualStudioVersion = 10.0.40219.1
Project("{FAE04EC0-301F-11D3-BF4B-00C04F79EFBC}") = "vk friends mvvm", "vk friends mvvm\vk friends mvvm.csproj", "{3525825B-A281-48CE-8BD5-132D5D872C6E}"
EndProject
Global
	GlobalSection(SolutionConfigurationPlatforms) = preSolution
		Debug|Any CPU = Debug|Any CPU
		Release|Any CPU = Release|Any CPU
	EndGlobalSection
	GlobalSection(ProjectConfigurationPlatforms) = postSolution
		{3525825B-A281-48CE-8BD5-132D5D872C6E}.Debug|Any CPU.ActiveCfg = Debug|Any CPU
		{3525825B-A281-48CE-8BD5-132D5D872C6E}.Debug|Any CPU.Build.0 = Debug|Any CPU
		{3525825B-A281-48CE-8BD5-132D5D872C6E}.Release|Any CPU.ActiveCfg = Release|Any CPU
		{3525825B-A281-48CE-8BD5-132D5D872C6E}.Release|Any CPU.Build.0 = Release|Any CPU
	EndGlobalSection
	GlobalSection(SolutionProperties) = preSolution
		HideSolutionNode = FALSE
	EndGlobalSection
	GlobalSection(ExtensibilityGlobals) = postSolution
		SolutionGuid = {5C3F33AF-A5BD-4051-92A5-1D712203D908}
	EndGlobalSection
EndGlobal
